- name: tests.cue \ gradlew-compact \ samples/gradlew-build-success.txt lite
  commands:
    - command: lowfat filter plugins/gradlew/gradlew-compact/filter.lf --sub=build --args='build' --exit=0 --level=lite < plugins/gradlew/gradlew-compact/samples/gradlew-build-success.txt
      checks:
        - name: stdout
          data:
            - '............10%.............20%.............30%.............40%.............50%'
            - '............60%.............70%.............80%.............90%.............100%'
            - ""
            - BUILD SUCCESSFUL in 18s
            - '7 actionable tasks: 7 executed'
        - name: exitcode
          data:
            - "0"
    - command: lowfat filter plugins/gradlew/gradlew-compact/filter.lf --sub=build --args='build' --exit=0 --level=lite < plugins/gradlew/gradlew-compact/samples/gradlew-build-success.txt | scripts/measure.py
      checks:
        - name: stdout
          data:
            - lines 5
            - bytes 217
        - name: exitcode
          data:
            - "0"
- name: tests.cue \ gradlew-compact \ samples/gradlew-build-success.txt full
  commands:
    - command: lowfat filter plugins/gradlew/gradlew-compact/filter.lf --sub=build --args='build' --exit=0 --level=full < plugins/gradlew/gradlew-compact/samples/gradlew-build-success.txt
      checks:
        - name: stdout
          data:
            - '............10%.............20%.............30%.............40%.............50%'
            - '............60%.............70%.............80%.............90%.............100%'
            - ""
            - BUILD SUCCESSFUL in 18s
            - '7 actionable tasks: 7 executed'
        - name: exitcode
          data:
            - "0"
    - command: lowfat filter plugins/gradlew/gradlew-compact/filter.lf --sub=build --args='build' --exit=0 --level=full < plugins/gradlew/gradlew-compact/samples/gradlew-build-success.txt | scripts/measure.py
      checks:
        - name: stdout
          data:
            - lines 5
            - bytes 217
        - name: exitcode
          data:
            - "0"
- name: tests.cue \ gradlew-compact \ samples/gradlew-build-success.txt ultra
  commands:
    - command: lowfat filter plugins/gradlew/gradlew-compact/filter.lf --sub=build --args='build' --exit=0 --level=ultra < plugins/gradlew/gradlew-compact/samples/gradlew-build-success.txt
      checks:
        - name: stdout
          data:
            - BUILD SUCCESSFUL in 18s
            - '7 actionable tasks: 7 executed'
        - name: exitcode
          data:
            - "0"
    - command: lowfat filter plugins/gradlew/gradlew-compact/filter.lf --sub=build --args='build' --exit=0 --level=ultra < plugins/gradlew/gradlew-compact/samples/gradlew-build-success.txt | scripts/measure.py
      checks:
        - name: stdout
          data:
            - lines 2
            - bytes 55
        - name: exitcode
          data:
            - "0"
- name: tests.cue \ gradlew-compact \ samples/gradlew-build-downloads.txt lite
  commands:
    - command: lowfat filter plugins/gradlew/gradlew-compact/filter.lf --sub=build --args='build' --exit=0 --level=lite < plugins/gradlew/gradlew-compact/samples/gradlew-build-downloads.txt
      checks:
        - name: stdout
          data:
            - 'Note: /workspace/api/src/main/java/com/example/api/LegacyController.java uses unchecked or unsafe operations.'
            - 'Note: Recompile with -Xlint:unchecked for details.'
            - ""
            - BUILD SUCCESSFUL in 24s
            - '6 actionable tasks: 6 executed'
        - name: exitcode
          data:
            - "0"
    - command: lowfat filter plugins/gradlew/gradlew-compact/filter.lf --sub=build --args='build' --exit=0 --level=lite < plugins/gradlew/gradlew-compact/samples/gradlew-build-downloads.txt | scripts/measure.py
      checks:
        - name: stdout
          data:
            - lines 5
            - bytes 217
        - name: exitcode
          data:
            - "0"
- name: tests.cue \ gradlew-compact \ samples/gradlew-build-downloads.txt full
  commands:
    - command: lowfat filter plugins/gradlew/gradlew-compact/filter.lf --sub=build --args='build' --exit=0 --level=full < plugins/gradlew/gradlew-compact/samples/gradlew-build-downloads.txt
      checks:
        - name: stdout
          data:
            - 'Note: /workspace/api/src/main/java/com/example/api/LegacyController.java uses unchecked or unsafe operations.'
            - 'Note: Recompile with -Xlint:unchecked for details.'
            - ""
            - BUILD SUCCESSFUL in 24s
            - '6 actionable tasks: 6 executed'
        - name: exitcode
          data:
            - "0"
    - command: lowfat filter plugins/gradlew/gradlew-compact/filter.lf --sub=build --args='build' --exit=0 --level=full < plugins/gradlew/gradlew-compact/samples/gradlew-build-downloads.txt | scripts/measure.py
      checks:
        - name: stdout
          data:
            - lines 5
            - bytes 217
        - name: exitcode
          data:
            - "0"
- name: tests.cue \ gradlew-compact \ samples/gradlew-build-downloads.txt ultra
  commands:
    - command: lowfat filter plugins/gradlew/gradlew-compact/filter.lf --sub=build --args='build' --exit=0 --level=ultra < plugins/gradlew/gradlew-compact/samples/gradlew-build-downloads.txt
      checks:
        - name: stdout
          data:
            - BUILD SUCCESSFUL in 24s
            - '6 actionable tasks: 6 executed'
        - name: exitcode
          data:
            - "0"
    - command: lowfat filter plugins/gradlew/gradlew-compact/filter.lf --sub=build --args='build' --exit=0 --level=ultra < plugins/gradlew/gradlew-compact/samples/gradlew-build-downloads.txt | scripts/measure.py
      checks:
        - name: stdout
          data:
            - lines 2
            - bytes 55
        - name: exitcode
          data:
            - "0"
- name: tests.cue \ gradlew-compact \ samples/gradlew-test-failure.txt lite
  commands:
    - command: lowfat filter plugins/gradlew/gradlew-compact/filter.lf --sub=test --args='test' --exit=1 --level=lite < plugins/gradlew/gradlew-compact/samples/gradlew-test-failure.txt
      checks:
        - name: stdout
          data:
            - CartServiceTest > rejectsExpiredCoupon() FAILED
            - '> Task :test FAILED'
            - 'FAILURE: Build failed with an exception.'
            - '* What went wrong:'
            - Execution failed for task ':test'.
            - '> There were failing tests. See the report at: file:///workspace/app/build/reports/tests/test/index.html'
            - '* Try:'
            - '> Run with --scan to get full insights.'
            - BUILD FAILED in 9s
            - '5 actionable tasks: 2 executed, 3 up-to-date'
        - name: exitcode
          data:
            - "0"
    - command: lowfat filter plugins/gradlew/gradlew-compact/filter.lf --sub=test --args='test' --exit=1 --level=lite < plugins/gradlew/gradlew-compact/samples/gradlew-test-failure.txt | scripts/measure.py
      checks:
        - name: stdout
          data:
            - lines 10
            - bytes 379
        - name: exitcode
          data:
            - "0"
- name: tests.cue \ gradlew-compact \ samples/gradlew-test-failure.txt full
  commands:
    - command: lowfat filter plugins/gradlew/gradlew-compact/filter.lf --sub=test --args='test' --exit=1 --level=full < plugins/gradlew/gradlew-compact/samples/gradlew-test-failure.txt
      checks:
        - name: stdout
          data:
            - CartServiceTest > rejectsExpiredCoupon() FAILED
            - '> Task :test FAILED'
            - 'FAILURE: Build failed with an exception.'
            - '* What went wrong:'
            - Execution failed for task ':test'.
            - '> There were failing tests. See the report at: file:///workspace/app/build/reports/tests/test/index.html'
            - '* Try:'
            - '> Run with --scan to get full insights.'
            - BUILD FAILED in 9s
            - '5 actionable tasks: 2 executed, 3 up-to-date'
        - name: exitcode
          data:
            - "0"
    - command: lowfat filter plugins/gradlew/gradlew-compact/filter.lf --sub=test --args='test' --exit=1 --level=full < plugins/gradlew/gradlew-compact/samples/gradlew-test-failure.txt | scripts/measure.py
      checks:
        - name: stdout
          data:
            - lines 10
            - bytes 379
        - name: exitcode
          data:
            - "0"
- name: tests.cue \ gradlew-compact \ samples/gradlew-test-failure.txt ultra
  commands:
    - command: lowfat filter plugins/gradlew/gradlew-compact/filter.lf --sub=test --args='test' --exit=1 --level=ultra < plugins/gradlew/gradlew-compact/samples/gradlew-test-failure.txt
      checks:
        - name: stdout
          data:
            - CartServiceTest > rejectsExpiredCoupon() FAILED
            - '> Task :test FAILED'
            - 'FAILURE: Build failed with an exception.'
            - '* What went wrong:'
            - Execution failed for task ':test'.
            - '> There were failing tests. See the report at: file:///workspace/app/build/reports/tests/test/index.html'
            - '* Try:'
            - '> Run with --scan to get full insights.'
            - BUILD FAILED in 9s
            - '5 actionable tasks: 2 executed, 3 up-to-date'
        - name: exitcode
          data:
            - "0"
    - command: lowfat filter plugins/gradlew/gradlew-compact/filter.lf --sub=test --args='test' --exit=1 --level=ultra < plugins/gradlew/gradlew-compact/samples/gradlew-test-failure.txt | scripts/measure.py
      checks:
        - name: stdout
          data:
            - lines 10
            - bytes 379
        - name: exitcode
          data:
            - "0"
