- name: tests.cue \ gh-compact \ samples/gh-pr-list.txt lite
  commands:
    - command: lowfat filter plugins/gh/gh-compact/filter.lf --sub=pr --args='list' --exit=0 --level=lite < plugins/gh/gh-compact/samples/gh-pr-list.txt
      checks:
        - name: stdout
          data:
            - "12\tFix login redirect loop\tbug/login-redirect\tOPEN\t2026-06-01T09:12:33Z"
            - "13\tAdd dark mode toggle\tfeat/dark-mode\tOPEN\t2026-06-02T14:01:10Z"
            - "14\tBump deps to latest\tchore/deps\tDRAFT\t2026-06-03T08:45:00Z"
            - "15\tRefactor auth middleware\trefactor/auth\tOPEN\t2026-06-04T11:20:51Z"
            - "16\tCache pantry index\tfeat/pantry-cache\tOPEN\t2026-06-05T17:33:02Z"
            - "17\tFix flaky run-list test\tbug/flaky-runlist\tOPEN\t2026-06-06T10:05:44Z"
            - "18\tDocs: filter DSL cookbook\tdocs/dsl-cookbook\tOPEN\t2026-06-07T13:50:19Z"
        - name: exitcode
          data:
            - "0"
    - command: lowfat filter plugins/gh/gh-compact/filter.lf --sub=pr --args='list' --exit=0 --level=lite < plugins/gh/gh-compact/samples/gh-pr-list.txt | scripts/measure.py
      checks:
        - name: stdout
          data:
            - lines 7
            - bytes 476
        - name: exitcode
          data:
            - "0"
- name: tests.cue \ gh-compact \ samples/gh-pr-list.txt full
  commands:
    - command: lowfat filter plugins/gh/gh-compact/filter.lf --sub=pr --args='list' --exit=0 --level=full < plugins/gh/gh-compact/samples/gh-pr-list.txt
      checks:
        - name: stdout
          data:
            - "12\tFix login redirect loop\tbug/login-redirect\tOPEN\t2026-06-01T09:12:33Z"
            - "13\tAdd dark mode toggle\tfeat/dark-mode\tOPEN\t2026-06-02T14:01:10Z"
            - "14\tBump deps to latest\tchore/deps\tDRAFT\t2026-06-03T08:45:00Z"
            - "15\tRefactor auth middleware\trefactor/auth\tOPEN\t2026-06-04T11:20:51Z"
            - "16\tCache pantry index\tfeat/pantry-cache\tOPEN\t2026-06-05T17:33:02Z"
            - "17\tFix flaky run-list test\tbug/flaky-runlist\tOPEN\t2026-06-06T10:05:44Z"
            - "18\tDocs: filter DSL cookbook\tdocs/dsl-cookbook\tOPEN\t2026-06-07T13:50:19Z"
        - name: exitcode
          data:
            - "0"
    - command: lowfat filter plugins/gh/gh-compact/filter.lf --sub=pr --args='list' --exit=0 --level=full < plugins/gh/gh-compact/samples/gh-pr-list.txt | scripts/measure.py
      checks:
        - name: stdout
          data:
            - lines 7
            - bytes 476
        - name: exitcode
          data:
            - "0"
- name: tests.cue \ gh-compact \ samples/gh-pr-list.txt ultra
  commands:
    - command: lowfat filter plugins/gh/gh-compact/filter.lf --sub=pr --args='list' --exit=0 --level=ultra < plugins/gh/gh-compact/samples/gh-pr-list.txt
      checks:
        - name: stdout
          data:
            - "12\tFix login redirect loop\tbug/login-redirect\tOPEN\t2026-06-01T09:12:33Z"
            - "13\tAdd dark mode toggle\tfeat/dark-mode\tOPEN\t2026-06-02T14:01:10Z"
            - "14\tBump deps to latest\tchore/deps\tDRAFT\t2026-06-03T08:45:00Z"
            - "15\tRefactor auth middleware\trefactor/auth\tOPEN\t2026-06-04T11:20:51Z"
            - "16\tCache pantry index\tfeat/pantry-cache\tOPEN\t2026-06-05T17:33:02Z"
            - "17\tFix flaky run-list test\tbug/flaky-runlist\tOPEN\t2026-06-06T10:05:44Z"
            - "18\tDocs: filter DSL cookbook\tdocs/dsl-cookbook\tOPEN\t2026-06-07T13:50:19Z"
        - name: exitcode
          data:
            - "0"
    - command: lowfat filter plugins/gh/gh-compact/filter.lf --sub=pr --args='list' --exit=0 --level=ultra < plugins/gh/gh-compact/samples/gh-pr-list.txt | scripts/measure.py
      checks:
        - name: stdout
          data:
            - lines 7
            - bytes 476
        - name: exitcode
          data:
            - "0"
- name: tests.cue \ gh-compact \ samples/gh-run-view.txt lite
  commands:
    - command: lowfat filter plugins/gh/gh-compact/filter.lf --sub=run --args='view 994203' --exit=0 --level=lite < plugins/gh/gh-compact/samples/gh-run-view.txt
      checks:
        - name: stdout
          data:
            - X main CI · 7c3f1a2
            - Triggered via push about 5 minutes ago
            - ""
            - JOBS
            - ✓ lint in 22s (ID 994201)
            - ✓ build in 1m18s (ID 994202)
            - X test in 47s (ID 994203)
            - ✓ typecheck in 31s (ID 994204)
            - ""
            - ANNOTATIONS
            - 'X tests/auth.test.ts#L42 — assertion failed: expected 200, got 401'
            - X process completed with exit code 1
            - ""
            - 'To see what failed, try: gh run view 994203 --log-failed'
        - name: exitcode
          data:
            - "0"
    - command: lowfat filter plugins/gh/gh-compact/filter.lf --sub=run --args='view 994203' --exit=0 --level=lite < plugins/gh/gh-compact/samples/gh-run-view.txt | scripts/measure.py
      checks:
        - name: stdout
          data:
            - lines 14
            - bytes 361
        - name: exitcode
          data:
            - "0"
- name: tests.cue \ gh-compact \ samples/gh-run-view.txt full
  commands:
    - command: lowfat filter plugins/gh/gh-compact/filter.lf --sub=run --args='view 994203' --exit=0 --level=full < plugins/gh/gh-compact/samples/gh-run-view.txt
      checks:
        - name: stdout
          data:
            - X main CI · 7c3f1a2
            - Triggered via push about 5 minutes ago
            - ""
            - JOBS
            - ✓ lint in 22s (ID 994201)
            - ✓ build in 1m18s (ID 994202)
            - X test in 47s (ID 994203)
            - ✓ typecheck in 31s (ID 994204)
            - ""
            - ANNOTATIONS
            - 'X tests/auth.test.ts#L42 — assertion failed: expected 200, got 401'
            - X process completed with exit code 1
            - ""
            - 'To see what failed, try: gh run view 994203 --log-failed'
        - name: exitcode
          data:
            - "0"
    - command: lowfat filter plugins/gh/gh-compact/filter.lf --sub=run --args='view 994203' --exit=0 --level=full < plugins/gh/gh-compact/samples/gh-run-view.txt | scripts/measure.py
      checks:
        - name: stdout
          data:
            - lines 14
            - bytes 361
        - name: exitcode
          data:
            - "0"
- name: tests.cue \ gh-compact \ samples/gh-run-view.txt ultra
  commands:
    - command: lowfat filter plugins/gh/gh-compact/filter.lf --sub=run --args='view 994203' --exit=0 --level=ultra < plugins/gh/gh-compact/samples/gh-run-view.txt
      checks:
        - name: stdout
          data:
            - X main CI · 7c3f1a2
            - Triggered via push about 5 minutes ago
            - ""
            - JOBS
            - ✓ lint in 22s (ID 994201)
            - ✓ build in 1m18s (ID 994202)
            - X test in 47s (ID 994203)
            - ✓ typecheck in 31s (ID 994204)
            - ""
            - ANNOTATIONS
            - 'X tests/auth.test.ts#L42 — assertion failed: expected 200, got 401'
            - X process completed with exit code 1
            - ""
            - 'To see what failed, try: gh run view 994203 --log-failed'
        - name: exitcode
          data:
            - "0"
    - command: lowfat filter plugins/gh/gh-compact/filter.lf --sub=run --args='view 994203' --exit=0 --level=ultra < plugins/gh/gh-compact/samples/gh-run-view.txt | scripts/measure.py
      checks:
        - name: stdout
          data:
            - lines 14
            - bytes 361
        - name: exitcode
          data:
            - "0"
- name: tests.cue \ gh-compact \ samples/gh-run-log.txt lite
  commands:
    - command: lowfat filter plugins/gh/gh-compact/filter.lf --sub=run --args='view 994203 --log' --exit=0 --level=lite < plugins/gh/gh-compact/samples/gh-run-log.txt
      checks:
        - name: stdout
          data:
            - "test\tSetup\t2026-06-08T16:00:1Z step output line 1"
            - "test\tSetup\t2026-06-08T16:00:2Z step output line 2"
            - "test\tSetup\t2026-06-08T16:00:3Z step output line 3"
            - "test\tSetup\t2026-06-08T16:00:4Z step output line 4"
            - "test\tSetup\t2026-06-08T16:00:5Z step output line 5"
            - "test\tSetup\t2026-06-08T16:00:6Z step output line 6"
            - "test\tSetup\t2026-06-08T16:00:7Z step output line 7"
            - "test\tSetup\t2026-06-08T16:00:8Z step output line 8"
            - "test\tSetup\t2026-06-08T16:00:9Z step output line 9"
            - "test\tSetup\t2026-06-08T16:00:10Z step output line 10"
            - "test\tSetup\t2026-06-08T16:00:11Z step output line 11"
            - "test\tSetup\t2026-06-08T16:00:12Z step output line 12"
            - "test\tSetup\t2026-06-08T16:00:13Z step output line 13"
            - "test\tSetup\t2026-06-08T16:00:14Z step output line 14"
            - "test\tSetup\t2026-06-08T16:00:15Z step output line 15"
            - "test\tSetup\t2026-06-08T16:00:16Z step output line 16"
            - "test\tSetup\t2026-06-08T16:00:17Z step output line 17"
            - "test\tSetup\t2026-06-08T16:00:18Z step output line 18"
            - "test\tSetup\t2026-06-08T16:00:19Z step output line 19"
            - "test\tSetup\t2026-06-08T16:00:20Z step output line 20"
            - "test\tSetup\t2026-06-08T16:00:21Z step output line 21"
            - "test\tSetup\t2026-06-08T16:00:22Z step output line 22"
            - "test\tSetup\t2026-06-08T16:00:23Z step output line 23"
            - "test\tSetup\t2026-06-08T16:00:24Z step output line 24"
            - "test\tSetup\t2026-06-08T16:00:25Z step output line 25"
            - "test\tSetup\t2026-06-08T16:00:26Z step output line 26"
            - "test\tSetup\t2026-06-08T16:00:27Z step output line 27"
            - "test\tSetup\t2026-06-08T16:00:28Z step output line 28"
            - "test\tSetup\t2026-06-08T16:00:29Z step output line 29"
            - "test\tSetup\t2026-06-08T16:00:30Z step output line 30"
            - "test\tSetup\t2026-06-08T16:00:31Z step output line 31"
            - "test\tSetup\t2026-06-08T16:00:32Z step output line 32"
            - "test\tSetup\t2026-06-08T16:00:33Z step output line 33"
            - "test\tSetup\t2026-06-08T16:00:34Z step output line 34"
            - "test\tSetup\t2026-06-08T16:00:35Z step output line 35"
            - "test\tSetup\t2026-06-08T16:00:36Z step output line 36"
            - "test\tSetup\t2026-06-08T16:00:37Z step output line 37"
            - "test\tSetup\t2026-06-08T16:00:38Z step output line 38"
            - "test\tSetup\t2026-06-08T16:00:39Z step output line 39"
            - "test\tSetup\t2026-06-08T16:00:40Z step output line 40"
            - "test\tSetup\t2026-06-08T16:00:41Z step output line 41"
            - "test\tSetup\t2026-06-08T16:00:42Z step output line 42"
            - "test\tSetup\t2026-06-08T16:00:43Z step output line 43"
            - "test\tSetup\t2026-06-08T16:00:44Z step output line 44"
            - "test\tSetup\t2026-06-08T16:00:45Z step output line 45"
            - "test\tSetup\t2026-06-08T16:00:46Z step output line 46"
            - "test\tSetup\t2026-06-08T16:00:47Z step output line 47"
            - "test\tSetup\t2026-06-08T16:00:48Z step output line 48"
            - "test\tSetup\t2026-06-08T16:00:49Z step output line 49"
            - "test\tSetup\t2026-06-08T16:00:50Z step output line 50"
            - "test\tSetup\t2026-06-08T16:00:51Z step output line 51"
            - "test\tSetup\t2026-06-08T16:00:52Z step output line 52"
            - "test\tSetup\t2026-06-08T16:00:53Z step output line 53"
            - "test\tSetup\t2026-06-08T16:00:54Z step output line 54"
            - "test\tSetup\t2026-06-08T16:00:55Z step output line 55"
            - "test\tSetup\t2026-06-08T16:00:56Z step output line 56"
            - "test\tSetup\t2026-06-08T16:00:57Z step output line 57"
            - "test\tSetup\t2026-06-08T16:00:58Z step output line 58"
            - "test\tSetup\t2026-06-08T16:00:59Z step output line 59"
            - "test\tSetup\t2026-06-08T16:00:60Z step output line 60"
            - "test\tRun tests\t2026-06-08T16:01:00Z FAIL src/auth.test.ts > rejects bad token"
            - "test\tRun tests\t2026-06-08T16:01:01Z AssertionError: expected 401 to equal 200"
            - "test\tRun tests\t2026-06-08T16:01:02Z ##[error]Process completed with exit code 1"
        - name: exitcode
          data:
            - "0"
    - command: lowfat filter plugins/gh/gh-compact/filter.lf --sub=run --args='view 994203 --log' --exit=0 --level=lite < plugins/gh/gh-compact/samples/gh-run-log.txt | scripts/measure.py
      checks:
        - name: stdout
          data:
            - lines 63
            - bytes 3338
        - name: exitcode
          data:
            - "0"
- name: tests.cue \ gh-compact \ samples/gh-run-log.txt full
  commands:
    - command: lowfat filter plugins/gh/gh-compact/filter.lf --sub=run --args='view 994203 --log' --exit=0 --level=full < plugins/gh/gh-compact/samples/gh-run-log.txt
      checks:
        - name: stdout
          data:
            - "test\tSetup\t2026-06-08T16:00:1Z step output line 1"
            - "test\tSetup\t2026-06-08T16:00:2Z step output line 2"
            - "test\tSetup\t2026-06-08T16:00:3Z step output line 3"
            - "test\tSetup\t2026-06-08T16:00:4Z step output line 4"
            - "test\tSetup\t2026-06-08T16:00:5Z step output line 5"
            - "test\tSetup\t2026-06-08T16:00:6Z step output line 6"
            - "test\tSetup\t2026-06-08T16:00:7Z step output line 7"
            - "test\tSetup\t2026-06-08T16:00:8Z step output line 8"
            - "test\tSetup\t2026-06-08T16:00:9Z step output line 9"
            - "test\tSetup\t2026-06-08T16:00:10Z step output line 10"
            - "test\tSetup\t2026-06-08T16:00:11Z step output line 11"
            - "test\tSetup\t2026-06-08T16:00:12Z step output line 12"
            - "test\tSetup\t2026-06-08T16:00:13Z step output line 13"
            - "test\tSetup\t2026-06-08T16:00:14Z step output line 14"
            - "test\tSetup\t2026-06-08T16:00:15Z step output line 15"
            - "test\tSetup\t2026-06-08T16:00:16Z step output line 16"
            - "test\tSetup\t2026-06-08T16:00:17Z step output line 17"
            - "test\tSetup\t2026-06-08T16:00:18Z step output line 18"
            - "test\tSetup\t2026-06-08T16:00:19Z step output line 19"
            - "test\tSetup\t2026-06-08T16:00:20Z step output line 20"
            - "test\tSetup\t2026-06-08T16:00:21Z step output line 21"
            - "test\tSetup\t2026-06-08T16:00:22Z step output line 22"
            - "test\tSetup\t2026-06-08T16:00:23Z step output line 23"
            - "test\tSetup\t2026-06-08T16:00:24Z step output line 24"
            - "test\tSetup\t2026-06-08T16:00:25Z step output line 25"
            - "test\tSetup\t2026-06-08T16:00:26Z step output line 26"
            - "test\tSetup\t2026-06-08T16:00:27Z step output line 27"
            - "test\tSetup\t2026-06-08T16:00:28Z step output line 28"
            - "test\tSetup\t2026-06-08T16:00:29Z step output line 29"
            - "test\tSetup\t2026-06-08T16:00:30Z step output line 30"
            - "test\tSetup\t2026-06-08T16:00:31Z step output line 31"
            - "test\tSetup\t2026-06-08T16:00:32Z step output line 32"
            - "test\tSetup\t2026-06-08T16:00:33Z step output line 33"
            - "test\tSetup\t2026-06-08T16:00:34Z step output line 34"
            - "test\tSetup\t2026-06-08T16:00:35Z step output line 35"
            - "test\tSetup\t2026-06-08T16:00:36Z step output line 36"
            - "test\tSetup\t2026-06-08T16:00:37Z step output line 37"
            - "test\tSetup\t2026-06-08T16:00:38Z step output line 38"
            - "test\tSetup\t2026-06-08T16:00:39Z step output line 39"
            - "test\tSetup\t2026-06-08T16:00:40Z step output line 40"
            - "test\tSetup\t2026-06-08T16:00:41Z step output line 41"
            - "test\tSetup\t2026-06-08T16:00:42Z step output line 42"
            - "test\tSetup\t2026-06-08T16:00:43Z step output line 43"
            - "test\tSetup\t2026-06-08T16:00:44Z step output line 44"
            - "test\tSetup\t2026-06-08T16:00:45Z step output line 45"
            - "test\tSetup\t2026-06-08T16:00:46Z step output line 46"
            - "test\tSetup\t2026-06-08T16:00:47Z step output line 47"
            - "test\tSetup\t2026-06-08T16:00:48Z step output line 48"
            - "test\tSetup\t2026-06-08T16:00:49Z step output line 49"
            - "test\tSetup\t2026-06-08T16:00:50Z step output line 50"
            - "test\tSetup\t2026-06-08T16:00:51Z step output line 51"
            - "test\tSetup\t2026-06-08T16:00:52Z step output line 52"
            - "test\tSetup\t2026-06-08T16:00:53Z step output line 53"
            - "test\tSetup\t2026-06-08T16:00:54Z step output line 54"
            - "test\tSetup\t2026-06-08T16:00:55Z step output line 55"
            - "test\tSetup\t2026-06-08T16:00:56Z step output line 56"
            - "test\tSetup\t2026-06-08T16:00:57Z step output line 57"
            - "test\tSetup\t2026-06-08T16:00:58Z step output line 58"
            - "test\tSetup\t2026-06-08T16:00:59Z step output line 59"
            - "test\tSetup\t2026-06-08T16:00:60Z step output line 60"
            - "test\tRun tests\t2026-06-08T16:01:00Z FAIL src/auth.test.ts > rejects bad token"
            - "test\tRun tests\t2026-06-08T16:01:01Z AssertionError: expected 401 to equal 200"
            - "test\tRun tests\t2026-06-08T16:01:02Z ##[error]Process completed with exit code 1"
        - name: exitcode
          data:
            - "0"
    - command: lowfat filter plugins/gh/gh-compact/filter.lf --sub=run --args='view 994203 --log' --exit=0 --level=full < plugins/gh/gh-compact/samples/gh-run-log.txt | scripts/measure.py
      checks:
        - name: stdout
          data:
            - lines 63
            - bytes 3338
        - name: exitcode
          data:
            - "0"
- name: tests.cue \ gh-compact \ samples/gh-run-log.txt ultra
  commands:
    - command: lowfat filter plugins/gh/gh-compact/filter.lf --sub=run --args='view 994203 --log' --exit=0 --level=ultra < plugins/gh/gh-compact/samples/gh-run-log.txt
      checks:
        - name: stdout
          data:
            - "test\tSetup\t2026-06-08T16:00:24Z step output line 24"
            - "test\tSetup\t2026-06-08T16:00:25Z step output line 25"
            - "test\tSetup\t2026-06-08T16:00:26Z step output line 26"
            - "test\tSetup\t2026-06-08T16:00:27Z step output line 27"
            - "test\tSetup\t2026-06-08T16:00:28Z step output line 28"
            - "test\tSetup\t2026-06-08T16:00:29Z step output line 29"
            - "test\tSetup\t2026-06-08T16:00:30Z step output line 30"
            - "test\tSetup\t2026-06-08T16:00:31Z step output line 31"
            - "test\tSetup\t2026-06-08T16:00:32Z step output line 32"
            - "test\tSetup\t2026-06-08T16:00:33Z step output line 33"
            - "test\tSetup\t2026-06-08T16:00:34Z step output line 34"
            - "test\tSetup\t2026-06-08T16:00:35Z step output line 35"
            - "test\tSetup\t2026-06-08T16:00:36Z step output line 36"
            - "test\tSetup\t2026-06-08T16:00:37Z step output line 37"
            - "test\tSetup\t2026-06-08T16:00:38Z step output line 38"
            - "test\tSetup\t2026-06-08T16:00:39Z step output line 39"
            - "test\tSetup\t2026-06-08T16:00:40Z step output line 40"
            - "test\tSetup\t2026-06-08T16:00:41Z step output line 41"
            - "test\tSetup\t2026-06-08T16:00:42Z step output line 42"
            - "test\tSetup\t2026-06-08T16:00:43Z step output line 43"
            - "test\tSetup\t2026-06-08T16:00:44Z step output line 44"
            - "test\tSetup\t2026-06-08T16:00:45Z step output line 45"
            - "test\tSetup\t2026-06-08T16:00:46Z step output line 46"
            - "test\tSetup\t2026-06-08T16:00:47Z step output line 47"
            - "test\tSetup\t2026-06-08T16:00:48Z step output line 48"
            - "test\tSetup\t2026-06-08T16:00:49Z step output line 49"
            - "test\tSetup\t2026-06-08T16:00:50Z step output line 50"
            - "test\tSetup\t2026-06-08T16:00:51Z step output line 51"
            - "test\tSetup\t2026-06-08T16:00:52Z step output line 52"
            - "test\tSetup\t2026-06-08T16:00:53Z step output line 53"
            - "test\tSetup\t2026-06-08T16:00:54Z step output line 54"
            - "test\tSetup\t2026-06-08T16:00:55Z step output line 55"
            - "test\tSetup\t2026-06-08T16:00:56Z step output line 56"
            - "test\tSetup\t2026-06-08T16:00:57Z step output line 57"
            - "test\tSetup\t2026-06-08T16:00:58Z step output line 58"
            - "test\tSetup\t2026-06-08T16:00:59Z step output line 59"
            - "test\tSetup\t2026-06-08T16:00:60Z step output line 60"
            - "test\tRun tests\t2026-06-08T16:01:00Z FAIL src/auth.test.ts > rejects bad token"
            - "test\tRun tests\t2026-06-08T16:01:01Z AssertionError: expected 401 to equal 200"
            - "test\tRun tests\t2026-06-08T16:01:02Z ##[error]Process completed with exit code 1"
        - name: exitcode
          data:
            - "0"
    - command: lowfat filter plugins/gh/gh-compact/filter.lf --sub=run --args='view 994203 --log' --exit=0 --level=ultra < plugins/gh/gh-compact/samples/gh-run-log.txt | scripts/measure.py
      checks:
        - name: stdout
          data:
            - lines 40
            - bytes 2160
        - name: exitcode
          data:
            - "0"
- name: tests.cue \ gh-compact \ samples/gh-pr-json.txt lite
  commands:
    - command: lowfat filter plugins/gh/gh-compact/filter.lf --sub=pr --args='view 12 --json number,state,title' --exit=0 --level=lite < plugins/gh/gh-compact/samples/gh-pr-json.txt
      checks:
        - name: stdout
          data:
            - '{"number":12,"state":"OPEN","title":"Fix login redirect loop","headRefName":"bug/login-redirect","mergeable":"MERGEABLE","reviewDecision":"APPROVED"}'
        - name: exitcode
          data:
            - "0"
    - command: lowfat filter plugins/gh/gh-compact/filter.lf --sub=pr --args='view 12 --json number,state,title' --exit=0 --level=lite < plugins/gh/gh-compact/samples/gh-pr-json.txt | scripts/measure.py
      checks:
        - name: stdout
          data:
            - lines 1
            - bytes 150
        - name: exitcode
          data:
            - "0"
- name: tests.cue \ gh-compact \ samples/gh-pr-json.txt full
  commands:
    - command: lowfat filter plugins/gh/gh-compact/filter.lf --sub=pr --args='view 12 --json number,state,title' --exit=0 --level=full < plugins/gh/gh-compact/samples/gh-pr-json.txt
      checks:
        - name: stdout
          data:
            - '{"number":12,"state":"OPEN","title":"Fix login redirect loop","headRefName":"bug/login-redirect","mergeable":"MERGEABLE","reviewDecision":"APPROVED"}'
        - name: exitcode
          data:
            - "0"
    - command: lowfat filter plugins/gh/gh-compact/filter.lf --sub=pr --args='view 12 --json number,state,title' --exit=0 --level=full < plugins/gh/gh-compact/samples/gh-pr-json.txt | scripts/measure.py
      checks:
        - name: stdout
          data:
            - lines 1
            - bytes 150
        - name: exitcode
          data:
            - "0"
- name: tests.cue \ gh-compact \ samples/gh-pr-json.txt ultra
  commands:
    - command: lowfat filter plugins/gh/gh-compact/filter.lf --sub=pr --args='view 12 --json number,state,title' --exit=0 --level=ultra < plugins/gh/gh-compact/samples/gh-pr-json.txt
      checks:
        - name: stdout
          data:
            - '{"number":12,"state":"OPEN","title":"Fix login redirect loop","headRefName":"bug/login-redirect","mergeable":"MERGEABLE","reviewDecision":"APPROVED"}'
        - name: exitcode
          data:
            - "0"
    - command: lowfat filter plugins/gh/gh-compact/filter.lf --sub=pr --args='view 12 --json number,state,title' --exit=0 --level=ultra < plugins/gh/gh-compact/samples/gh-pr-json.txt | scripts/measure.py
      checks:
        - name: stdout
          data:
            - lines 1
            - bytes 150
        - name: exitcode
          data:
            - "0"
